
Microsoft Visual Studio Solution File, Format Version 12.00
# Visual Studio 2012
Project("{FAE04EC0-301F-11D3-BF4B-00C04F79EFBC}") = "Core", "Core\Core.csproj", "{3A8AD709-78BF-4FC3-80EC-FF3156834DC0}"
EndProject
Project("{2150E333-8FDC-42A3-9474-1A3956D46DE8}") = "monodll", "monodll", "{5F6F4F46-28B1-40DD-9414-19F7E052765E}"
EndProject
Project("{FAE04EC0-301F-11D3-BF4B-00C04F79EFBC}") = "UnitTest", "UnitTest\UnitTest.csproj", "{E2564871-5F57-4D65-8271-C4D0CDFCC2EB}"
EndProject
Project("{FAE04EC0-301F-11D3-BF4B-00C04F79EFBC}") = "update", "update\update.csproj", "{DA9D9779-52A2-4102-A47B-14BC58992B86}"
EndProject
Global
	GlobalSection(SolutionConfigurationPlatforms) = preSolution
		Debug|Any CPU = Debug|Any CPU
		Release|Any CPU = Release|Any CPU
	EndGlobalSection
	GlobalSection(ProjectConfigurationPlatforms) = postSolution
		{3A8AD709-78BF-4FC3-80EC-FF3156834DC0}.Debug|Any CPU.ActiveCfg = Debug|Any CPU
		{3A8AD709-78BF-4FC3-80EC-FF3156834DC0}.Debug|Any CPU.Build.0 = Debug|Any CPU
		{3A8AD709-78BF-4FC3-80EC-FF3156834DC0}.Release|Any CPU.ActiveCfg = Release|Any CPU
		{3A8AD709-78BF-4FC3-80EC-FF3156834DC0}.Release|Any CPU.Build.0 = Release|Any CPU
		{E2564871-5F57-4D65-8271-C4D0CDFCC2EB}.Debug|Any CPU.ActiveCfg = Debug|Any CPU
		{E2564871-5F57-4D65-8271-C4D0CDFCC2EB}.Debug|Any CPU.Build.0 = Debug|Any CPU
		{E2564871-5F57-4D65-8271-C4D0CDFCC2EB}.Release|Any CPU.ActiveCfg = Release|Any CPU
		{E2564871-5F57-4D65-8271-C4D0CDFCC2EB}.Release|Any CPU.Build.0 = Release|Any CPU
		{DA9D9779-52A2-4102-A47B-14BC58992B86}.Debug|Any CPU.ActiveCfg = Debug|Any CPU
		{DA9D9779-52A2-4102-A47B-14BC58992B86}.Debug|Any CPU.Build.0 = Debug|Any CPU
		{DA9D9779-52A2-4102-A47B-14BC58992B86}.Release|Any CPU.ActiveCfg = Release|Any CPU
		{DA9D9779-52A2-4102-A47B-14BC58992B86}.Release|Any CPU.Build.0 = Release|Any CPU
	EndGlobalSection
	GlobalSection(SolutionProperties) = preSolution
		HideSolutionNode = FALSE
	EndGlobalSection
EndGlobal
