
Microsoft Visual Studio Solution File, Format Version 12.00
# Visual Studio 14
VisualStudioVersion = 14.0.25420.1
MinimumVisualStudioVersion = 10.0.40219.1
Project("{FAE04EC0-301F-11D3-BF4B-00C04F79EFBC}") = "Core", "Core\Core.csproj", "{3A8AD709-78BF-4FC3-80EC-FF3156834DC0}"
EndProject
Project("{2150E333-8FDC-42A3-9474-1A3956D46DE8}") = "monodll", "monodll", "{5F6F4F46-28B1-40DD-9414-19F7E052765E}"
	ProjectSection(SolutionItems) = preProject
		..\速录宝\Core\bin\Release\qzxxiEntity.dll = ..\速录宝\Core\bin\Release\qzxxiEntity.dll
	EndProjectSection
EndProject
Project("{FAE04EC0-301F-11D3-BF4B-00C04F79EFBC}") = "update", "update\update.csproj", "{DA9D9779-52A2-4102-A47B-14BC58992B86}"
EndProject
Global
	GlobalSection(SolutionConfigurationPlatforms) = preSolution
		Debug|Any CPU = Debug|Any CPU
		Release|Any CPU = Release|Any CPU
	EndGlobalSection
	GlobalSection(ProjectConfigurationPlatforms) = postSolution
		{3A8AD709-78BF-4FC3-80EC-FF3156834DC0}.Debug|Any CPU.ActiveCfg = Debug|Any CPU
		{3A8AD709-78BF-4FC3-80EC-FF3156834DC0}.Debug|Any CPU.Build.0 = Debug|Any CPU
		{3A8AD709-78BF-4FC3-80EC-FF3156834DC0}.Release|Any CPU.ActiveCfg = Release|Any CPU
		{3A8AD709-78BF-4FC3-80EC-FF3156834DC0}.Release|Any CPU.Build.0 = Release|Any CPU
		{DA9D9779-52A2-4102-A47B-14BC58992B86}.Debug|Any CPU.ActiveCfg = Debug|Any CPU
		{DA9D9779-52A2-4102-A47B-14BC58992B86}.Debug|Any CPU.Build.0 = Debug|Any CPU
		{DA9D9779-52A2-4102-A47B-14BC58992B86}.Release|Any CPU.ActiveCfg = Release|Any CPU
		{DA9D9779-52A2-4102-A47B-14BC58992B86}.Release|Any CPU.Build.0 = Release|Any CPU
	EndGlobalSection
	GlobalSection(SolutionProperties) = preSolution
		HideSolutionNode = FALSE
	EndGlobalSection
EndGlobal
